
Microsoft Visual Studio Solution File, Format Version 12.00
# Visual Studio Version 16
VisualStudioVersion = 16.0.35229.62
MinimumVisualStudioVersion = 10.0.40219.1
Project("{FAE04EC0-301F-11D3-BF4B-00C04F79EFBC}") = "BaiTap_1_4", "BaiTap_1_4\BaiTap_1_4.csproj", "{FF73055E-A739-43DA-A9C3-97CE3E2DAEA6}"
EndProject
Global
	GlobalSection(SolutionConfigurationPlatforms) = preSolution
		Debug|Any CPU = Debug|Any CPU
		Release|Any CPU = Release|Any CPU
	EndGlobalSection
	GlobalSection(ProjectConfigurationPlatforms) = postSolution
		{FF73055E-A739-43DA-A9C3-97CE3E2DAEA6}.Debug|Any CPU.ActiveCfg = Debug|Any CPU
		{FF73055E-A739-43DA-A9C3-97CE3E2DAEA6}.Debug|Any CPU.Build.0 = Debug|Any CPU
		{FF73055E-A739-43DA-A9C3-97CE3E2DAEA6}.Release|Any CPU.ActiveCfg = Release|Any CPU
		{FF73055E-A739-43DA-A9C3-97CE3E2DAEA6}.Release|Any CPU.Build.0 = Release|Any CPU
	EndGlobalSection
	GlobalSection(SolutionProperties) = preSolution
		HideSolutionNode = FALSE
	EndGlobalSection
	GlobalSection(ExtensibilityGlobals) = postSolution
		SolutionGuid = {81652E71-668C-4F28-B81F-F48DFA3EEA2A}
	EndGlobalSection
EndGlobal
