
Microsoft Visual Studio Solution File, Format Version 12.00
# Visual Studio Version 16
VisualStudioVersion = 16.0.35229.62
MinimumVisualStudioVersion = 10.0.40219.1
Project("{FAE04EC0-301F-11D3-BF4B-00C04F79EFBC}") = "Bai2_trang34", "Bai2_trang34\Bai2_trang34.csproj", "{50DD224B-FD20-44C2-B73C-011739F37C04}"
EndProject
Global
	GlobalSection(SolutionConfigurationPlatforms) = preSolution
		Debug|Any CPU = Debug|Any CPU
		Release|Any CPU = Release|Any CPU
	EndGlobalSection
	GlobalSection(ProjectConfigurationPlatforms) = postSolution
		{50DD224B-FD20-44C2-B73C-011739F37C04}.Debug|Any CPU.ActiveCfg = Debug|Any CPU
		{50DD224B-FD20-44C2-B73C-011739F37C04}.Debug|Any CPU.Build.0 = Debug|Any CPU
		{50DD224B-FD20-44C2-B73C-011739F37C04}.Release|Any CPU.ActiveCfg = Release|Any CPU
		{50DD224B-FD20-44C2-B73C-011739F37C04}.Release|Any CPU.Build.0 = Release|Any CPU
	EndGlobalSection
	GlobalSection(SolutionProperties) = preSolution
		HideSolutionNode = FALSE
	EndGlobalSection
	GlobalSection(ExtensibilityGlobals) = postSolution
		SolutionGuid = {1B3A2AC6-53EA-4AA1-8258-AC64BF2DF6D3}
	EndGlobalSection
EndGlobal
