
Microsoft Visual Studio Solution File, Format Version 12.00
# Visual Studio Version 16
VisualStudioVersion = 16.0.35229.62
MinimumVisualStudioVersion = 10.0.40219.1
Project("{FAE04EC0-301F-11D3-BF4B-00C04F79EFBC}") = "Arraylist", "Arraylist\Arraylist.csproj", "{A3F40610-5A00-4790-BF05-B8ECFA9716AE}"
EndProject
Global
	GlobalSection(SolutionConfigurationPlatforms) = preSolution
		Debug|Any CPU = Debug|Any CPU
		Release|Any CPU = Release|Any CPU
	EndGlobalSection
	GlobalSection(ProjectConfigurationPlatforms) = postSolution
		{A3F40610-5A00-4790-BF05-B8ECFA9716AE}.Debug|Any CPU.ActiveCfg = Debug|Any CPU
		{A3F40610-5A00-4790-BF05-B8ECFA9716AE}.Debug|Any CPU.Build.0 = Debug|Any CPU
		{A3F40610-5A00-4790-BF05-B8ECFA9716AE}.Release|Any CPU.ActiveCfg = Release|Any CPU
		{A3F40610-5A00-4790-BF05-B8ECFA9716AE}.Release|Any CPU.Build.0 = Release|Any CPU
	EndGlobalSection
	GlobalSection(SolutionProperties) = preSolution
		HideSolutionNode = FALSE
	EndGlobalSection
	GlobalSection(ExtensibilityGlobals) = postSolution
		SolutionGuid = {58814A11-F720-4FEA-8009-B154F98D003B}
	EndGlobalSection
EndGlobal
